
Microsoft Visual Studio Solution File, Format Version 12.00
Project("{FAE04EC0-301F-11D3-BF4B-00C04F79EFBC}") = "DKZKV.Outbox", "DKZKV.Outbox\DKZKV.Outbox.csproj", "{538A3C27-52F4-4699-9DA3-B8155E10A16F}"
EndProject
Project("{FAE04EC0-301F-11D3-BF4B-00C04F79EFBC}") = "DKZKV.Outbox.Abstractions", "DKZKV.Outbox.Abstractions\DKZKV.Outbox.Abstractions.csproj", "{950699A4-5F95-4DFA-8652-E8077774D6CB}"
EndProject
Project("{2150E333-8FDC-42A3-9474-1A3956D46DE8}") = "Persistence", "Persistence", "{347764F0-241C-4EDA-BE46-F88D9DFC0AC2}"
EndProject
Project("{2150E333-8FDC-42A3-9474-1A3956D46DE8}") = "Samples", "Samples", "{C59E5A09-F431-4980-94EF-681B709F5FDB}"
EndProject
Project("{2150E333-8FDC-42A3-9474-1A3956D46DE8}") = "Core", "Core", "{E3ACB0F5-DDC4-4235-849F-E9A42C783531}"
EndProject
Project("{2150E333-8FDC-42A3-9474-1A3956D46DE8}") = "EfCore", "EfCore", "{F388409B-411E-428A-B12E-6E640B607EC6}"
EndProject
Project("{2150E333-8FDC-42A3-9474-1A3956D46DE8}") = "LinqToDb", "LinqToDb", "{C95F214F-04C0-4842-BCAD-980DEBF8CF46}"
EndProject
Project("{FAE04EC0-301F-11D3-BF4B-00C04F79EFBC}") = "MB.Outbox.Persistence.Core.MsSql", "MB.Outbox.Persistence.Core.MsSql\MB.Outbox.Persistence.Core.MsSql.csproj", "{4CB6BB3B-B01A-4583-829F-EF5868F35448}"
EndProject
Project("{FAE04EC0-301F-11D3-BF4B-00C04F79EFBC}") = "MB.Outbox.Persistence.EfCore", "MB.Outbox.Persistence.EfCore\MB.Outbox.Persistence.EfCore.csproj", "{D22AF5A7-BA09-455E-93C7-3C84673129EE}"
EndProject
Project("{FAE04EC0-301F-11D3-BF4B-00C04F79EFBC}") = "MB.Outbox.Persistence.EfCore.MsSql", "MB.Outbox.Persistence.EfCore.MsSql\MB.Outbox.Persistence.EfCore.MsSql.csproj", "{86E5B65B-809D-4EE7-97C5-1F37F478C1A1}"
EndProject
Project("{FAE04EC0-301F-11D3-BF4B-00C04F79EFBC}") = "MB.Outbox.Persistence.LinqToDb", "MB.Outbox.Persistence.LinqToDb\MB.Outbox.Persistence.LinqToDb.csproj", "{A0CC4DEA-8EB7-4069-82F4-625A0D1C1743}"
EndProject
Project("{FAE04EC0-301F-11D3-BF4B-00C04F79EFBC}") = "MB.Outbox.Persistence.LinqToDb.MsSql", "MB.Outbox.Persistence.LinqToDb.MsSql\MB.Outbox.Persistence.LinqToDb.MsSql.csproj", "{BDBC3D86-6C3D-47BD-9461-09A757009C9E}"
EndProject
Project("{FAE04EC0-301F-11D3-BF4B-00C04F79EFBC}") = "SimpleOutboxSampleLinqToDb", "SimpleOutboxSampleLinqToDb\SimpleOutboxSampleLinqToDb.csproj", "{251EBB26-B2D1-4104-B69A-D976A7E67F00}"
EndProject
Global
	GlobalSection(SolutionConfigurationPlatforms) = preSolution
		Debug|Any CPU = Debug|Any CPU
		Release|Any CPU = Release|Any CPU
	EndGlobalSection
	GlobalSection(ProjectConfigurationPlatforms) = postSolution
		{538A3C27-52F4-4699-9DA3-B8155E10A16F}.Debug|Any CPU.ActiveCfg = Debug|Any CPU
		{538A3C27-52F4-4699-9DA3-B8155E10A16F}.Debug|Any CPU.Build.0 = Debug|Any CPU
		{538A3C27-52F4-4699-9DA3-B8155E10A16F}.Release|Any CPU.ActiveCfg = Release|Any CPU
		{538A3C27-52F4-4699-9DA3-B8155E10A16F}.Release|Any CPU.Build.0 = Release|Any CPU
		{950699A4-5F95-4DFA-8652-E8077774D6CB}.Debug|Any CPU.ActiveCfg = Debug|Any CPU
		{950699A4-5F95-4DFA-8652-E8077774D6CB}.Debug|Any CPU.Build.0 = Debug|Any CPU
		{950699A4-5F95-4DFA-8652-E8077774D6CB}.Release|Any CPU.ActiveCfg = Release|Any CPU
		{950699A4-5F95-4DFA-8652-E8077774D6CB}.Release|Any CPU.Build.0 = Release|Any CPU
		{4CB6BB3B-B01A-4583-829F-EF5868F35448}.Debug|Any CPU.ActiveCfg = Debug|Any CPU
		{4CB6BB3B-B01A-4583-829F-EF5868F35448}.Debug|Any CPU.Build.0 = Debug|Any CPU
		{4CB6BB3B-B01A-4583-829F-EF5868F35448}.Release|Any CPU.ActiveCfg = Release|Any CPU
		{4CB6BB3B-B01A-4583-829F-EF5868F35448}.Release|Any CPU.Build.0 = Release|Any CPU
		{D22AF5A7-BA09-455E-93C7-3C84673129EE}.Debug|Any CPU.ActiveCfg = Debug|Any CPU
		{D22AF5A7-BA09-455E-93C7-3C84673129EE}.Debug|Any CPU.Build.0 = Debug|Any CPU
		{D22AF5A7-BA09-455E-93C7-3C84673129EE}.Release|Any CPU.ActiveCfg = Release|Any CPU
		{D22AF5A7-BA09-455E-93C7-3C84673129EE}.Release|Any CPU.Build.0 = Release|Any CPU
		{86E5B65B-809D-4EE7-97C5-1F37F478C1A1}.Debug|Any CPU.ActiveCfg = Debug|Any CPU
		{86E5B65B-809D-4EE7-97C5-1F37F478C1A1}.Debug|Any CPU.Build.0 = Debug|Any CPU
		{86E5B65B-809D-4EE7-97C5-1F37F478C1A1}.Release|Any CPU.ActiveCfg = Release|Any CPU
		{86E5B65B-809D-4EE7-97C5-1F37F478C1A1}.Release|Any CPU.Build.0 = Release|Any CPU
		{A0CC4DEA-8EB7-4069-82F4-625A0D1C1743}.Debug|Any CPU.ActiveCfg = Debug|Any CPU
		{A0CC4DEA-8EB7-4069-82F4-625A0D1C1743}.Debug|Any CPU.Build.0 = Debug|Any CPU
		{A0CC4DEA-8EB7-4069-82F4-625A0D1C1743}.Release|Any CPU.ActiveCfg = Release|Any CPU
		{A0CC4DEA-8EB7-4069-82F4-625A0D1C1743}.Release|Any CPU.Build.0 = Release|Any CPU
		{BDBC3D86-6C3D-47BD-9461-09A757009C9E}.Debug|Any CPU.ActiveCfg = Debug|Any CPU
		{BDBC3D86-6C3D-47BD-9461-09A757009C9E}.Debug|Any CPU.Build.0 = Debug|Any CPU
		{BDBC3D86-6C3D-47BD-9461-09A757009C9E}.Release|Any CPU.ActiveCfg = Release|Any CPU
		{BDBC3D86-6C3D-47BD-9461-09A757009C9E}.Release|Any CPU.Build.0 = Release|Any CPU
		{251EBB26-B2D1-4104-B69A-D976A7E67F00}.Debug|Any CPU.ActiveCfg = Debug|Any CPU
		{251EBB26-B2D1-4104-B69A-D976A7E67F00}.Debug|Any CPU.Build.0 = Debug|Any CPU
		{251EBB26-B2D1-4104-B69A-D976A7E67F00}.Release|Any CPU.ActiveCfg = Release|Any CPU
		{251EBB26-B2D1-4104-B69A-D976A7E67F00}.Release|Any CPU.Build.0 = Release|Any CPU
	EndGlobalSection
	GlobalSection(NestedProjects) = preSolution
		{E3ACB0F5-DDC4-4235-849F-E9A42C783531} = {347764F0-241C-4EDA-BE46-F88D9DFC0AC2}
		{F388409B-411E-428A-B12E-6E640B607EC6} = {347764F0-241C-4EDA-BE46-F88D9DFC0AC2}
		{C95F214F-04C0-4842-BCAD-980DEBF8CF46} = {347764F0-241C-4EDA-BE46-F88D9DFC0AC2}
		{4CB6BB3B-B01A-4583-829F-EF5868F35448} = {E3ACB0F5-DDC4-4235-849F-E9A42C783531}
		{D22AF5A7-BA09-455E-93C7-3C84673129EE} = {F388409B-411E-428A-B12E-6E640B607EC6}
		{86E5B65B-809D-4EE7-97C5-1F37F478C1A1} = {F388409B-411E-428A-B12E-6E640B607EC6}
		{A0CC4DEA-8EB7-4069-82F4-625A0D1C1743} = {C95F214F-04C0-4842-BCAD-980DEBF8CF46}
		{BDBC3D86-6C3D-47BD-9461-09A757009C9E} = {C95F214F-04C0-4842-BCAD-980DEBF8CF46}
		{251EBB26-B2D1-4104-B69A-D976A7E67F00} = {C59E5A09-F431-4980-94EF-681B709F5FDB}
	EndGlobalSection
EndGlobal
